
Microsoft Visual Studio Solution File, Format Version 12.00
# Visual Studio Version 17
VisualStudioVersion = 17.3.32901.215
MinimumVisualStudioVersion = 10.0.40219.1
Project("{FAE04EC0-301F-11D3-BF4B-00C04F79EFBC}") = "CRUDWITHEF", "CRUDWITHEF.csproj", "{5EEA912F-8CFB-4C8A-AC5E-D0BE98D62894}"
EndProject
Global
	GlobalSection(SolutionConfigurationPlatforms) = preSolution
		Debug|Any CPU = Debug|Any CPU
		Release|Any CPU = Release|Any CPU
	EndGlobalSection
	GlobalSection(ProjectConfigurationPlatforms) = postSolution
		{5EEA912F-8CFB-4C8A-AC5E-D0BE98D62894}.Debug|Any CPU.ActiveCfg = Debug|Any CPU
		{5EEA912F-8CFB-4C8A-AC5E-D0BE98D62894}.Debug|Any CPU.Build.0 = Debug|Any CPU
		{5EEA912F-8CFB-4C8A-AC5E-D0BE98D62894}.Release|Any CPU.ActiveCfg = Release|Any CPU
		{5EEA912F-8CFB-4C8A-AC5E-D0BE98D62894}.Release|Any CPU.Build.0 = Release|Any CPU
	EndGlobalSection
	GlobalSection(SolutionProperties) = preSolution
		HideSolutionNode = FALSE
	EndGlobalSection
	GlobalSection(ExtensibilityGlobals) = postSolution
		SolutionGuid = {342E251E-6ACF-446F-8B0B-7EF371315A8A}
	EndGlobalSection
EndGlobal
